
Microsoft Visual Studio Solution File, Format Version 12.00
# Visual Studio Version 16
VisualStudioVersion = 16.0.29920.165
MinimumVisualStudioVersion = 10.0.40219.1
Project("{FAE04EC0-301F-11D3-BF4B-00C04F79EFBC}") = "ConsoleApp1", "ConsoleApp1\ConsoleApp1.csproj", "{7CB93B2A-4EFD-44FB-9099-936347C44BA4}"
EndProject
Global
	GlobalSection(SolutionConfigurationPlatforms) = preSolution
		Debug|Any CPU = Debug|Any CPU
		Release|Any CPU = Release|Any CPU
	EndGlobalSection
	GlobalSection(ProjectConfigurationPlatforms) = postSolution
		{7CB93B2A-4EFD-44FB-9099-936347C44BA4}.Debug|Any CPU.ActiveCfg = Debug|Any CPU
		{7CB93B2A-4EFD-44FB-9099-936347C44BA4}.Debug|Any CPU.Build.0 = Debug|Any CPU
		{7CB93B2A-4EFD-44FB-9099-936347C44BA4}.Release|Any CPU.ActiveCfg = Release|Any CPU
		{7CB93B2A-4EFD-44FB-9099-936347C44BA4}.Release|Any CPU.Build.0 = Release|Any CPU
	EndGlobalSection
	GlobalSection(SolutionProperties) = preSolution
		HideSolutionNode = FALSE
	EndGlobalSection
	GlobalSection(ExtensibilityGlobals) = postSolution
		SolutionGuid = {DC4A7B1B-9ADC-495A-BB3D-CED6B577FB08}
	EndGlobalSection
EndGlobal
